
Microsoft Visual Studio Solution File, Format Version 12.00
# Visual Studio 15
VisualStudioVersion = 15.0.28307.106
MinimumVisualStudioVersion = 10.0.40219.1
Project("{FAE04EC0-301F-11D3-BF4B-00C04F79EFBC}") = "1_DiffEqTasks", "ModelingCourseTasks\1_DiffEqTasks.csproj", "{977E0765-1DA7-4A2C-8904-B3E435FFE390}"
EndProject
Project("{FAE04EC0-301F-11D3-BF4B-00C04F79EFBC}") = "1_DiffEqWpfInterface", "WpfInterface\1_DiffEqWpfInterface.csproj", "{429E9327-137A-4F23-830C-3BBE8E8D1DAD}"
EndProject
Project("{FAE04EC0-301F-11D3-BF4B-00C04F79EFBC}") = "2_RandValTasks", "2_RandValTasks\2_RandValTasks.csproj", "{CD4EF32E-E113-4104-903B-834A793CA1E7}"
EndProject
Global
	GlobalSection(SolutionConfigurationPlatforms) = preSolution
		Debug|Any CPU = Debug|Any CPU
		Release|Any CPU = Release|Any CPU
	EndGlobalSection
	GlobalSection(ProjectConfigurationPlatforms) = postSolution
		{977E0765-1DA7-4A2C-8904-B3E435FFE390}.Debug|Any CPU.ActiveCfg = Debug|Any CPU
		{977E0765-1DA7-4A2C-8904-B3E435FFE390}.Debug|Any CPU.Build.0 = Debug|Any CPU
		{977E0765-1DA7-4A2C-8904-B3E435FFE390}.Release|Any CPU.ActiveCfg = Release|Any CPU
		{977E0765-1DA7-4A2C-8904-B3E435FFE390}.Release|Any CPU.Build.0 = Release|Any CPU
		{429E9327-137A-4F23-830C-3BBE8E8D1DAD}.Debug|Any CPU.ActiveCfg = Debug|Any CPU
		{429E9327-137A-4F23-830C-3BBE8E8D1DAD}.Debug|Any CPU.Build.0 = Debug|Any CPU
		{429E9327-137A-4F23-830C-3BBE8E8D1DAD}.Release|Any CPU.ActiveCfg = Release|Any CPU
		{429E9327-137A-4F23-830C-3BBE8E8D1DAD}.Release|Any CPU.Build.0 = Release|Any CPU
		{CD4EF32E-E113-4104-903B-834A793CA1E7}.Debug|Any CPU.ActiveCfg = Debug|Any CPU
		{CD4EF32E-E113-4104-903B-834A793CA1E7}.Debug|Any CPU.Build.0 = Debug|Any CPU
		{CD4EF32E-E113-4104-903B-834A793CA1E7}.Release|Any CPU.ActiveCfg = Release|Any CPU
		{CD4EF32E-E113-4104-903B-834A793CA1E7}.Release|Any CPU.Build.0 = Release|Any CPU
	EndGlobalSection
	GlobalSection(SolutionProperties) = preSolution
		HideSolutionNode = FALSE
	EndGlobalSection
	GlobalSection(ExtensibilityGlobals) = postSolution
		SolutionGuid = {A58D8577-8FBD-4FBB-BEA1-D143518166E4}
	EndGlobalSection
EndGlobal
